// !$*UTF8*$!
{
	archiveVersion = 1;
	classes = {
	};
	objectVersion = 51;
	objects = {

/* Begin PBXBuildFile section */
		0637E3FD25E7FB77008049F7 /* TTSManager.swift in Sources */ = {isa = PBXBuildFile; fileRef = 0637E3FC25E7FB77008049F7 /* TTSManager.swift */; };
		0637E40225E809A3008049F7 /* RecordManager.swift in Sources */ = {isa = PBXBuildFile; fileRef = 0637E40125E809A3008049F7 /* RecordManager.swift */; };
		0637E40525E80CBA008049F7 /* Date+.swift in Sources */ = {isa = PBXBuildFile; fileRef = 0637E40425E80CBA008049F7 /* Date+.swift */; };
		0637E40A25E811BE008049F7 /* PlayManager.swift in Sources */ = {isa = PBXBuildFile; fileRef = 0637E40925E811BE008049F7 /* PlayManager.swift */; };
		0637E41C25E94DA2008049F7 /* Colors.xcassets in Resources */ = {isa = PBXBuildFile; fileRef = 0637E41B25E94DA2008049F7 /* Colors.xcassets */; };
		0637E42925EA3368008049F7 /* RollingpaperWriteView.swift in Sources */ = {isa = PBXBuildFile; fileRef = 0637E42825EA3368008049F7 /* RollingpaperWriteView.swift */; };
		0637E43125EA3FC6008049F7 /* FocusTextFieldView.swift in Sources */ = {isa = PBXBuildFile; fileRef = 0637E43025EA3FC6008049F7 /* FocusTextFieldView.swift */; };
		0637E43425EA4028008049F7 /* FocusTextView.swift in Sources */ = {isa = PBXBuildFile; fileRef = 0637E43325EA4028008049F7 /* FocusTextView.swift */; };
		0637E43725EA6205008049F7 /* RollingpaperWriteViewModel.swift in Sources */ = {isa = PBXBuildFile; fileRef = 0637E43625EA6205008049F7 /* RollingpaperWriteViewModel.swift */; };
		06837AF125F5FC11004EA12B /* PlayerView.swift in Sources */ = {isa = PBXBuildFile; fileRef = 06837AF025F5FC11004EA12B /* PlayerView.swift */; };
		06837AF425F605C2004EA12B /* RoundedViewModifier.swift in Sources */ = {isa = PBXBuildFile; fileRef = 06837AF325F605C2004EA12B /* RoundedViewModifier.swift */; };
		06837AF725F6141B004EA12B /* AlertView.swift in Sources */ = {isa = PBXBuildFile; fileRef = 06837AF625F6141B004EA12B /* AlertView.swift */; };
		06837B0325F75D11004EA12B /* RollingpaperViewModel.swift in Sources */ = {isa = PBXBuildFile; fileRef = 06837B0225F75D11004EA12B /* RollingpaperViewModel.swift */; };
		06837B0625F75D22004EA12B /* RollingpaperModel.swift in Sources */ = {isa = PBXBuildFile; fileRef = 06837B0525F75D22004EA12B /* RollingpaperModel.swift */; };
		06837B0A25F783EB004EA12B /* NavigationItemView.swift in Sources */ = {isa = PBXBuildFile; fileRef = 06837B0925F783EB004EA12B /* NavigationItemView.swift */; };
		068EC1FC25ECD87000484FBB /* RollingpaperWriteModel.swift in Sources */ = {isa = PBXBuildFile; fileRef = 068EC1FB25ECD87000484FBB /* RollingpaperWriteModel.swift */; };
		068EC1FF25ECE5AE00484FBB /* View+.swift in Sources */ = {isa = PBXBuildFile; fileRef = 068EC1FE25ECE5AE00484FBB /* View+.swift */; };
		068EC20225EE145200484FBB /* PlaceholderView.swift in Sources */ = {isa = PBXBuildFile; fileRef = 068EC20125EE145200484FBB /* PlaceholderView.swift */; };
		06FDBFE225F21417003DB1FC /* RollingpaperView.swift in Sources */ = {isa = PBXBuildFile; fileRef = 06FDBFE125F21417003DB1FC /* RollingpaperView.swift */; };
		57220E8425F6487600CDE9BC /* DebugManager.swift in Sources */ = {isa = PBXBuildFile; fileRef = 57220E8325F6487600CDE9BC /* DebugManager.swift */; };
		57220E8A25F64B6500CDE9BC /* NetworkLogger.swift in Sources */ = {isa = PBXBuildFile; fileRef = 57220E8925F64B6500CDE9BC /* NetworkLogger.swift */; };
		87FA1E660712AB92440E13E2 /* Pods_TDTD.framework in Frameworks */ = {isa = PBXBuildFile; fileRef = 0737BB496E529BCE72086DD9 /* Pods_TDTD.framework */; };
		B127E45525EA245900F3B64D /* UhBee ZIGLE Bold.ttf in Resources */ = {isa = PBXBuildFile; fileRef = B127E45325EA245800F3B64D /* UhBee ZIGLE Bold.ttf */; };
		B127E45625EA245900F3B64D /* UhBee ZIGLE.ttf in Resources */ = {isa = PBXBuildFile; fileRef = B127E45425EA245900F3B64D /* UhBee ZIGLE.ttf */; };
		B127E45C25EA2D3300F3B64D /* RoundButtonStyle.swift in Sources */ = {isa = PBXBuildFile; fileRef = B127E45B25EA2D3300F3B64D /* RoundButtonStyle.swift */; };
		B1375B3E25E0009D00503DE6 /* AppDelegate.swift in Sources */ = {isa = PBXBuildFile; fileRef = B1375B3D25E0009D00503DE6 /* AppDelegate.swift */; };
		B1375B4025E0009D00503DE6 /* SceneDelegate.swift in Sources */ = {isa = PBXBuildFile; fileRef = B1375B3F25E0009D00503DE6 /* SceneDelegate.swift */; };
		B1375B4225E0009D00503DE6 /* ContentView.swift in Sources */ = {isa = PBXBuildFile; fileRef = B1375B4125E0009D00503DE6 /* ContentView.swift */; };
		B1375B4425E0009E00503DE6 /* Assets.xcassets in Resources */ = {isa = PBXBuildFile; fileRef = B1375B4325E0009E00503DE6 /* Assets.xcassets */; };
		B1375B4725E0009E00503DE6 /* Preview Assets.xcassets in Resources */ = {isa = PBXBuildFile; fileRef = B1375B4625E0009E00503DE6 /* Preview Assets.xcassets */; };
		B1375B4A25E0009E00503DE6 /* LaunchScreen.storyboard in Resources */ = {isa = PBXBuildFile; fileRef = B1375B4825E0009E00503DE6 /* LaunchScreen.storyboard */; };
		B137F52A25EA7F7600F86D45 /* CardSectionTitleView.swift in Sources */ = {isa = PBXBuildFile; fileRef = B137F52925EA7F7600F86D45 /* CardSectionTitleView.swift */; };
		B137F53125EAA10B00F86D45 /* Home.swift in Sources */ = {isa = PBXBuildFile; fileRef = B137F53025EAA10B00F86D45 /* Home.swift */; };
		B137F53425EAA15800F86D45 /* RoomSummary.swift in Sources */ = {isa = PBXBuildFile; fileRef = B137F53325EAA15800F86D45 /* RoomSummary.swift */; };
		B190492825EAF9B700D23832 /* HomeViewModel.swift in Sources */ = {isa = PBXBuildFile; fileRef = B190492725EAF9B700D23832 /* HomeViewModel.swift */; };
		B1D97DE925EABFF50099C9B8 /* API.swift in Sources */ = {isa = PBXBuildFile; fileRef = B1D97DE825EABFF50099C9B8 /* API.swift */; };
		B1D97DED25EAC13D0099C9B8 /* APITargetType.swift in Sources */ = {isa = PBXBuildFile; fileRef = B1D97DEC25EAC13D0099C9B8 /* APITargetType.swift */; };
		B1D97DF025EAC9150099C9B8 /* APIRequest.swift in Sources */ = {isa = PBXBuildFile; fileRef = B1D97DEF25EAC9150099C9B8 /* APIRequest.swift */; };
		B1ED9B3E25EA3BA8000A8C4D /* Font+.swift in Sources */ = {isa = PBXBuildFile; fileRef = B1ED9B3D25EA3BA8000A8C4D /* Font+.swift */; };
		B1ED9B4225EA401B000A8C4D /* HomeView.swift in Sources */ = {isa = PBXBuildFile; fileRef = B1ED9B4125EA401B000A8C4D /* HomeView.swift */; };
		B1ED9B4625EA40A8000A8C4D /* CardView.swift in Sources */ = {isa = PBXBuildFile; fileRef = B1ED9B4525EA40A8000A8C4D /* CardView.swift */; };
		B1ED9B4E25EA6E19000A8C4D /* CreatCardView.swift in Sources */ = {isa = PBXBuildFile; fileRef = B1ED9B4D25EA6E19000A8C4D /* CreatCardView.swift */; };
		D545115B25EA329500B19C66 /* ToastView.swift in Sources */ = {isa = PBXBuildFile; fileRef = D545115A25EA329500B19C66 /* ToastView.swift */; };
		D545116D25EA6BA900B19C66 /* CreateRoomView.swift in Sources */ = {isa = PBXBuildFile; fileRef = D545116C25EA6BA900B19C66 /* CreateRoomView.swift */; };
		D545117225EA6BD700B19C66 /* SubTitleView.swift in Sources */ = {isa = PBXBuildFile; fileRef = D545117125EA6BD700B19C66 /* SubTitleView.swift */; };
		D545117725EA6E4900B19C66 /* RoomType.swift in Sources */ = {isa = PBXBuildFile; fileRef = D545117625EA6E4900B19C66 /* RoomType.swift */; };
		D545117C25EA73E800B19C66 /* TextFieldFormItem.swift in Sources */ = {isa = PBXBuildFile; fileRef = D545117B25EA73E800B19C66 /* TextFieldFormItem.swift */; };
		D545117F25EA78E300B19C66 /* RoomTypeButton.swift in Sources */ = {isa = PBXBuildFile; fileRef = D545117E25EA78E300B19C66 /* RoomTypeButton.swift */; };
		D545118625EA7B5700B19C66 /* FocusView.swift in Sources */ = {isa = PBXBuildFile; fileRef = D545118525EA7B5700B19C66 /* FocusView.swift */; };
		D545118A25EA87B700B19C66 /* Room.swift in Sources */ = {isa = PBXBuildFile; fileRef = D545118925EA87B700B19C66 /* Room.swift */; };
		D545118E25EA8B8A00B19C66 /* CreateRoomViewModel.swift in Sources */ = {isa = PBXBuildFile; fileRef = D545118D25EA8B8A00B19C66 /* CreateRoomViewModel.swift */; };
		D545119125EA8FC500B19C66 /* TextFieldFormItemViewModel.swift in Sources */ = {isa = PBXBuildFile; fileRef = D545119025EA8FC500B19C66 /* TextFieldFormItemViewModel.swift */; };
		D545119525EAC8A800B19C66 /* SelectRoomTypeView.swift in Sources */ = {isa = PBXBuildFile; fileRef = D545119425EAC8A800B19C66 /* SelectRoomTypeView.swift */; };
/* End PBXBuildFile section */

/* Begin PBXFileReference section */
		0637E3FC25E7FB77008049F7 /* TTSManager.swift */ = {isa = PBXFileReference; lastKnownFileType = sourcecode.swift; path = TTSManager.swift; sourceTree = "<group>"; };
		0637E40125E809A3008049F7 /* RecordManager.swift */ = {isa = PBXFileReference; lastKnownFileType = sourcecode.swift; path = RecordManager.swift; sourceTree = "<group>"; };
		0637E40425E80CBA008049F7 /* Date+.swift */ = {isa = PBXFileReference; lastKnownFileType = sourcecode.swift; path = "Date+.swift"; sourceTree = "<group>"; };
		0637E40925E811BE008049F7 /* PlayManager.swift */ = {isa = PBXFileReference; lastKnownFileType = sourcecode.swift; path = PlayManager.swift; sourceTree = "<group>"; };
		0637E41B25E94DA2008049F7 /* Colors.xcassets */ = {isa = PBXFileReference; lastKnownFileType = folder.assetcatalog; path = Colors.xcassets; sourceTree = "<group>"; };
		0637E42825EA3368008049F7 /* RollingpaperWriteView.swift */ = {isa = PBXFileReference; lastKnownFileType = sourcecode.swift; path = RollingpaperWriteView.swift; sourceTree = "<group>"; };
		0637E43025EA3FC6008049F7 /* FocusTextFieldView.swift */ = {isa = PBXFileReference; lastKnownFileType = sourcecode.swift; path = FocusTextFieldView.swift; sourceTree = "<group>"; };
		0637E43325EA4028008049F7 /* FocusTextView.swift */ = {isa = PBXFileReference; lastKnownFileType = sourcecode.swift; path = FocusTextView.swift; sourceTree = "<group>"; };
		0637E43625EA6205008049F7 /* RollingpaperWriteViewModel.swift */ = {isa = PBXFileReference; lastKnownFileType = sourcecode.swift; path = RollingpaperWriteViewModel.swift; sourceTree = "<group>"; };
		06837AF025F5FC11004EA12B /* PlayerView.swift */ = {isa = PBXFileReference; lastKnownFileType = sourcecode.swift; path = PlayerView.swift; sourceTree = "<group>"; };
		06837AF325F605C2004EA12B /* RoundedViewModifier.swift */ = {isa = PBXFileReference; lastKnownFileType = sourcecode.swift; path = RoundedViewModifier.swift; sourceTree = "<group>"; };
		06837AF625F6141B004EA12B /* AlertView.swift */ = {isa = PBXFileReference; lastKnownFileType = sourcecode.swift; path = AlertView.swift; sourceTree = "<group>"; };
		06837B0225F75D11004EA12B /* RollingpaperViewModel.swift */ = {isa = PBXFileReference; lastKnownFileType = sourcecode.swift; path = RollingpaperViewModel.swift; sourceTree = "<group>"; };
		06837B0525F75D22004EA12B /* RollingpaperModel.swift */ = {isa = PBXFileReference; lastKnownFileType = sourcecode.swift; path = RollingpaperModel.swift; sourceTree = "<group>"; };
		06837B0925F783EB004EA12B /* NavigationItemView.swift */ = {isa = PBXFileReference; lastKnownFileType = sourcecode.swift; path = NavigationItemView.swift; sourceTree = "<group>"; };
		068EC1FB25ECD87000484FBB /* RollingpaperWriteModel.swift */ = {isa = PBXFileReference; lastKnownFileType = sourcecode.swift; path = RollingpaperWriteModel.swift; sourceTree = "<group>"; };
		068EC1FE25ECE5AE00484FBB /* View+.swift */ = {isa = PBXFileReference; lastKnownFileType = sourcecode.swift; path = "View+.swift"; sourceTree = "<group>"; };
		068EC20125EE145200484FBB /* PlaceholderView.swift */ = {isa = PBXFileReference; lastKnownFileType = sourcecode.swift; path = PlaceholderView.swift; sourceTree = "<group>"; };
		06FDBFE125F21417003DB1FC /* RollingpaperView.swift */ = {isa = PBXFileReference; lastKnownFileType = sourcecode.swift; path = RollingpaperView.swift; sourceTree = "<group>"; };
		0737BB496E529BCE72086DD9 /* Pods_TDTD.framework */ = {isa = PBXFileReference; explicitFileType = wrapper.framework; includeInIndex = 0; path = Pods_TDTD.framework; sourceTree = BUILT_PRODUCTS_DIR; };
		4075CB972E59A445BE514786 /* Pods-TDTD.release.xcconfig */ = {isa = PBXFileReference; includeInIndex = 1; lastKnownFileType = text.xcconfig; name = "Pods-TDTD.release.xcconfig"; path = "Target Support Files/Pods-TDTD/Pods-TDTD.release.xcconfig"; sourceTree = "<group>"; };
		57220E8325F6487600CDE9BC /* DebugManager.swift */ = {isa = PBXFileReference; lastKnownFileType = sourcecode.swift; path = DebugManager.swift; sourceTree = "<group>"; };
		57220E8925F64B6500CDE9BC /* NetworkLogger.swift */ = {isa = PBXFileReference; lastKnownFileType = sourcecode.swift; path = NetworkLogger.swift; sourceTree = "<group>"; };
		B127E45325EA245800F3B64D /* UhBee ZIGLE Bold.ttf */ = {isa = PBXFileReference; lastKnownFileType = file; path = "UhBee ZIGLE Bold.ttf"; sourceTree = "<group>"; };
		B127E45425EA245900F3B64D /* UhBee ZIGLE.ttf */ = {isa = PBXFileReference; lastKnownFileType = file; path = "UhBee ZIGLE.ttf"; sourceTree = "<group>"; };
		B127E45B25EA2D3300F3B64D /* RoundButtonStyle.swift */ = {isa = PBXFileReference; lastKnownFileType = sourcecode.swift; path = RoundButtonStyle.swift; sourceTree = "<group>"; };
		B1375B3A25E0009D00503DE6 /* TDTD.app */ = {isa = PBXFileReference; explicitFileType = wrapper.application; includeInIndex = 0; path = TDTD.app; sourceTree = BUILT_PRODUCTS_DIR; };
		B1375B3D25E0009D00503DE6 /* AppDelegate.swift */ = {isa = PBXFileReference; lastKnownFileType = sourcecode.swift; path = AppDelegate.swift; sourceTree = "<group>"; };
		B1375B3F25E0009D00503DE6 /* SceneDelegate.swift */ = {isa = PBXFileReference; lastKnownFileType = sourcecode.swift; path = SceneDelegate.swift; sourceTree = "<group>"; };
		B1375B4125E0009D00503DE6 /* ContentView.swift */ = {isa = PBXFileReference; lastKnownFileType = sourcecode.swift; path = ContentView.swift; sourceTree = "<group>"; };
		B1375B4325E0009E00503DE6 /* Assets.xcassets */ = {isa = PBXFileReference; lastKnownFileType = folder.assetcatalog; path = Assets.xcassets; sourceTree = "<group>"; };
		B1375B4625E0009E00503DE6 /* Preview Assets.xcassets */ = {isa = PBXFileReference; lastKnownFileType = folder.assetcatalog; path = "Preview Assets.xcassets"; sourceTree = "<group>"; };
		B1375B4925E0009E00503DE6 /* Base */ = {isa = PBXFileReference; lastKnownFileType = file.storyboard; name = Base; path = Base.lproj/LaunchScreen.storyboard; sourceTree = "<group>"; };
		B1375B4B25E0009E00503DE6 /* Info.plist */ = {isa = PBXFileReference; lastKnownFileType = text.plist.xml; path = Info.plist; sourceTree = "<group>"; };
		B137F52925EA7F7600F86D45 /* CardSectionTitleView.swift */ = {isa = PBXFileReference; lastKnownFileType = sourcecode.swift; path = CardSectionTitleView.swift; sourceTree = "<group>"; };
		B137F53025EAA10B00F86D45 /* Home.swift */ = {isa = PBXFileReference; lastKnownFileType = sourcecode.swift; path = Home.swift; sourceTree = "<group>"; };
		B137F53325EAA15800F86D45 /* RoomSummary.swift */ = {isa = PBXFileReference; lastKnownFileType = sourcecode.swift; path = RoomSummary.swift; sourceTree = "<group>"; };
		B190492725EAF9B700D23832 /* HomeViewModel.swift */ = {isa = PBXFileReference; lastKnownFileType = sourcecode.swift; path = HomeViewModel.swift; sourceTree = "<group>"; };
		B1D97DE825EABFF50099C9B8 /* API.swift */ = {isa = PBXFileReference; lastKnownFileType = sourcecode.swift; path = API.swift; sourceTree = "<group>"; };
		B1D97DEC25EAC13D0099C9B8 /* APITargetType.swift */ = {isa = PBXFileReference; lastKnownFileType = sourcecode.swift; path = APITargetType.swift; sourceTree = "<group>"; };
		B1D97DEF25EAC9150099C9B8 /* APIRequest.swift */ = {isa = PBXFileReference; lastKnownFileType = sourcecode.swift; path = APIRequest.swift; sourceTree = "<group>"; };
		B1ED9B3D25EA3BA8000A8C4D /* Font+.swift */ = {isa = PBXFileReference; lastKnownFileType = sourcecode.swift; path = "Font+.swift"; sourceTree = "<group>"; };
		B1ED9B4125EA401B000A8C4D /* HomeView.swift */ = {isa = PBXFileReference; lastKnownFileType = sourcecode.swift; path = HomeView.swift; sourceTree = "<group>"; };
		B1ED9B4525EA40A8000A8C4D /* CardView.swift */ = {isa = PBXFileReference; lastKnownFileType = sourcecode.swift; path = CardView.swift; sourceTree = "<group>"; };
		B1ED9B4D25EA6E19000A8C4D /* CreatCardView.swift */ = {isa = PBXFileReference; lastKnownFileType = sourcecode.swift; path = CreatCardView.swift; sourceTree = "<group>"; };
		C7BAEECD92407C39446BA28E /* Pods-TDTD.debug.xcconfig */ = {isa = PBXFileReference; includeInIndex = 1; lastKnownFileType = text.xcconfig; name = "Pods-TDTD.debug.xcconfig"; path = "Target Support Files/Pods-TDTD/Pods-TDTD.debug.xcconfig"; sourceTree = "<group>"; };
		D545115A25EA329500B19C66 /* ToastView.swift */ = {isa = PBXFileReference; lastKnownFileType = sourcecode.swift; path = ToastView.swift; sourceTree = "<group>"; };
		D545116C25EA6BA900B19C66 /* CreateRoomView.swift */ = {isa = PBXFileReference; lastKnownFileType = sourcecode.swift; path = CreateRoomView.swift; sourceTree = "<group>"; };
		D545117125EA6BD700B19C66 /* SubTitleView.swift */ = {isa = PBXFileReference; lastKnownFileType = sourcecode.swift; path = SubTitleView.swift; sourceTree = "<group>"; };
		D545117625EA6E4900B19C66 /* RoomType.swift */ = {isa = PBXFileReference; lastKnownFileType = sourcecode.swift; path = RoomType.swift; sourceTree = "<group>"; };
		D545117B25EA73E800B19C66 /* TextFieldFormItem.swift */ = {isa = PBXFileReference; lastKnownFileType = sourcecode.swift; path = TextFieldFormItem.swift; sourceTree = "<group>"; };
		D545117E25EA78E300B19C66 /* RoomTypeButton.swift */ = {isa = PBXFileReference; lastKnownFileType = sourcecode.swift; path = RoomTypeButton.swift; sourceTree = "<group>"; };
		D545118525EA7B5700B19C66 /* FocusView.swift */ = {isa = PBXFileReference; lastKnownFileType = sourcecode.swift; path = FocusView.swift; sourceTree = "<group>"; };
		D545118925EA87B700B19C66 /* Room.swift */ = {isa = PBXFileReference; lastKnownFileType = sourcecode.swift; path = Room.swift; sourceTree = "<group>"; };
		D545118D25EA8B8A00B19C66 /* CreateRoomViewModel.swift */ = {isa = PBXFileReference; lastKnownFileType = sourcecode.swift; path = CreateRoomViewModel.swift; sourceTree = "<group>"; };
		D545119025EA8FC500B19C66 /* TextFieldFormItemViewModel.swift */ = {isa = PBXFileReference; lastKnownFileType = sourcecode.swift; path = TextFieldFormItemViewModel.swift; sourceTree = "<group>"; };
		D545119425EAC8A800B19C66 /* SelectRoomTypeView.swift */ = {isa = PBXFileReference; lastKnownFileType = sourcecode.swift; path = SelectRoomTypeView.swift; sourceTree = "<group>"; };
/* End PBXFileReference section */

/* Begin PBXFrameworksBuildPhase section */
		B1375B3725E0009D00503DE6 /* Frameworks */ = {
			isa = PBXFrameworksBuildPhase;
			buildActionMask = 2147483647;
			files = (
				87FA1E660712AB92440E13E2 /* Pods_TDTD.framework in Frameworks */,
			);
			runOnlyForDeploymentPostprocessing = 0;
		};
/* End PBXFrameworksBuildPhase section */

/* Begin PBXGroup section */
		0637E40725E80CBC008049F7 /* GlobalExtension */ = {
			isa = PBXGroup;
			children = (
				0637E40425E80CBA008049F7 /* Date+.swift */,
				B1ED9B3D25EA3BA8000A8C4D /* Font+.swift */,
				068EC1FE25ECE5AE00484FBB /* View+.swift */,
			);
			path = GlobalExtension;
			sourceTree = "<group>";
		};
		0637E40C25E81859008049F7 /* Helper */ = {
			isa = PBXGroup;
			children = (
				0637E3FC25E7FB77008049F7 /* TTSManager.swift */,
				57220E8325F6487600CDE9BC /* DebugManager.swift */,
				0637E40125E809A3008049F7 /* RecordManager.swift */,
				0637E40925E811BE008049F7 /* PlayManager.swift */,
			);
			path = Helper;
			sourceTree = "<group>";
		};
		06837AFB25F74747004EA12B /* Write */ = {
			isa = PBXGroup;
			children = (
				0637E42825EA3368008049F7 /* RollingpaperWriteView.swift */,
				0637E43625EA6205008049F7 /* RollingpaperWriteViewModel.swift */,
				068EC1FB25ECD87000484FBB /* RollingpaperWriteModel.swift */,
			);
			path = Write;
			sourceTree = "<group>";
		};
		06837AFD25F747C6004EA12B /* RoomDetail */ = {
			isa = PBXGroup;
			children = (
				06FDBFE125F21417003DB1FC /* RollingpaperView.swift */,
				06837B0225F75D11004EA12B /* RollingpaperViewModel.swift */,
				06837B0525F75D22004EA12B /* RollingpaperModel.swift */,
				06837AF025F5FC11004EA12B /* PlayerView.swift */,
			);
			path = RoomDetail;
			sourceTree = "<group>";
		};
		7DB5FB13E8C66D95541D3D69 /* Frameworks */ = {
			isa = PBXGroup;
			children = (
				0737BB496E529BCE72086DD9 /* Pods_TDTD.framework */,
			);
			name = Frameworks;
			sourceTree = "<group>";
		};
		B127E45025EA240500F3B64D /* SupportItems */ = {
			isa = PBXGroup;
			children = (
				B127E45125EA241500F3B64D /* Font */,
			);
			path = SupportItems;
			sourceTree = "<group>";
		};
		B127E45125EA241500F3B64D /* Font */ = {
			isa = PBXGroup;
			children = (
				B127E45325EA245800F3B64D /* UhBee ZIGLE Bold.ttf */,
				B127E45425EA245900F3B64D /* UhBee ZIGLE.ttf */,
			);
			path = Font;
			sourceTree = "<group>";
		};
		B127E45925EA2CF100F3B64D /* Components */ = {
			isa = PBXGroup;
			children = (
				B127E45A25EA2D1000F3B64D /* RoundButton */,
				D545115A25EA329500B19C66 /* ToastView.swift */,
				D545118525EA7B5700B19C66 /* FocusView.swift */,
				0637E43025EA3FC6008049F7 /* FocusTextFieldView.swift */,
				0637E43325EA4028008049F7 /* FocusTextView.swift */,
				068EC20125EE145200484FBB /* PlaceholderView.swift */,
				D545117B25EA73E800B19C66 /* TextFieldFormItem.swift */,
				D545119025EA8FC500B19C66 /* TextFieldFormItemViewModel.swift */,
				06837AF625F6141B004EA12B /* AlertView.swift */,
				06837AF325F605C2004EA12B /* RoundedViewModifier.swift */,
				06837B0925F783EB004EA12B /* NavigationItemView.swift */,
			);
			path = Components;
			sourceTree = "<group>";
		};
		B127E45A25EA2D1000F3B64D /* RoundButton */ = {
			isa = PBXGroup;
			children = (
				B127E45B25EA2D3300F3B64D /* RoundButtonStyle.swift */,
			);
			path = RoundButton;
			sourceTree = "<group>";
		};
		B1375B3125E0009D00503DE6 = {
			isa = PBXGroup;
			children = (
				B1375B3C25E0009D00503DE6 /* TDTD */,
				B1375B3B25E0009D00503DE6 /* Products */,
				CCECD54389AFC4D330992DC8 /* Pods */,
				7DB5FB13E8C66D95541D3D69 /* Frameworks */,
			);
			sourceTree = "<group>";
		};
		B1375B3B25E0009D00503DE6 /* Products */ = {
			isa = PBXGroup;
			children = (
				B1375B3A25E0009D00503DE6 /* TDTD.app */,
			);
			name = Products;
			sourceTree = "<group>";
		};
		B1375B3C25E0009D00503DE6 /* TDTD */ = {
			isa = PBXGroup;
			children = (
				B1375B3D25E0009D00503DE6 /* AppDelegate.swift */,
				B1375B3F25E0009D00503DE6 /* SceneDelegate.swift */,
				B1375B4125E0009D00503DE6 /* ContentView.swift */,
				B1ED9B4025EA3FE4000A8C4D /* Home */,
				D545117525EA6E3900B19C66 /* Models */,
				B127E45925EA2CF100F3B64D /* Components */,
				06837AFB25F74747004EA12B /* Write */,
				06837AFD25F747C6004EA12B /* RoomDetail */,
				D545116A25EA6B6B00B19C66 /* CreateRoom */,
				B127E45025EA240500F3B64D /* SupportItems */,
				0637E40C25E81859008049F7 /* Helper */,
				0637E40725E80CBC008049F7 /* GlobalExtension */,
				B1D97DE725EABF4A0099C9B8 /* Network */,
				0637E41B25E94DA2008049F7 /* Colors.xcassets */,
				B1375B4325E0009E00503DE6 /* Assets.xcassets */,
				B1375B4825E0009E00503DE6 /* LaunchScreen.storyboard */,
				B1375B4B25E0009E00503DE6 /* Info.plist */,
				B1375B4525E0009E00503DE6 /* Preview Content */,
			);
			path = TDTD;
			sourceTree = "<group>";
		};
		B1375B4525E0009E00503DE6 /* Preview Content */ = {
			isa = PBXGroup;
			children = (
				B1375B4625E0009E00503DE6 /* Preview Assets.xcassets */,
			);
			path = "Preview Content";
			sourceTree = "<group>";
		};
		B1D97DE725EABF4A0099C9B8 /* Network */ = {
			isa = PBXGroup;
			children = (
				B1D97DE825EABFF50099C9B8 /* API.swift */,
				B1D97DEF25EAC9150099C9B8 /* APIRequest.swift */,
				B1D97DEC25EAC13D0099C9B8 /* APITargetType.swift */,
				57220E8925F64B6500CDE9BC /* NetworkLogger.swift */,
			);
			path = Network;
			sourceTree = "<group>";
		};
		B1ED9B4025EA3FE4000A8C4D /* Home */ = {
			isa = PBXGroup;
			children = (
				B1ED9B4125EA401B000A8C4D /* HomeView.swift */,
				B190492725EAF9B700D23832 /* HomeViewModel.swift */,
				B1ED9B4425EA409F000A8C4D /* SupportViews */,
			);
			path = Home;
			sourceTree = "<group>";
		};
		B1ED9B4425EA409F000A8C4D /* SupportViews */ = {
			isa = PBXGroup;
			children = (
				B1ED9B4525EA40A8000A8C4D /* CardView.swift */,
				B137F52925EA7F7600F86D45 /* CardSectionTitleView.swift */,
				B1ED9B4D25EA6E19000A8C4D /* CreatCardView.swift */,
			);
			path = SupportViews;
			sourceTree = "<group>";
		};
		CCECD54389AFC4D330992DC8 /* Pods */ = {
			isa = PBXGroup;
			children = (
				C7BAEECD92407C39446BA28E /* Pods-TDTD.debug.xcconfig */,
				4075CB972E59A445BE514786 /* Pods-TDTD.release.xcconfig */,
			);
			path = Pods;
			sourceTree = "<group>";
		};
		D545116A25EA6B6B00B19C66 /* CreateRoom */ = {
			isa = PBXGroup;
			children = (
				D545116C25EA6BA900B19C66 /* CreateRoomView.swift */,
				D545118D25EA8B8A00B19C66 /* CreateRoomViewModel.swift */,
				D545116B25EA6B7300B19C66 /* SupportViews */,
			);
			path = CreateRoom;
			sourceTree = "<group>";
		};
		D545116B25EA6B7300B19C66 /* SupportViews */ = {
			isa = PBXGroup;
			children = (
				D545119425EAC8A800B19C66 /* SelectRoomTypeView.swift */,
				D545117125EA6BD700B19C66 /* SubTitleView.swift */,
				D545117E25EA78E300B19C66 /* RoomTypeButton.swift */,
			);
			path = SupportViews;
			sourceTree = "<group>";
		};
		D545117525EA6E3900B19C66 /* Models */ = {
			isa = PBXGroup;
			children = (
				B137F53325EAA15800F86D45 /* RoomSummary.swift */,
				B137F53025EAA10B00F86D45 /* Home.swift */,
				D545117625EA6E4900B19C66 /* RoomType.swift */,
				D545118925EA87B700B19C66 /* Room.swift */,
			);
			path = Models;
			sourceTree = "<group>";
		};
/* End PBXGroup section */

/* Begin PBXNativeTarget section */
		B1375B3925E0009D00503DE6 /* TDTD */ = {
			isa = PBXNativeTarget;
			buildConfigurationList = B1375B4E25E0009E00503DE6 /* Build configuration list for PBXNativeTarget "TDTD" */;
			buildPhases = (
				9FF9CF285CB9FD44420E5D95 /* [CP] Check Pods Manifest.lock */,
				B1375B3625E0009D00503DE6 /* Sources */,
				B1375B3725E0009D00503DE6 /* Frameworks */,
				B1375B3825E0009D00503DE6 /* Resources */,
				1C54B3D47AD83379CFADA628 /* [CP] Embed Pods Frameworks */,
			);
			buildRules = (
			);
			dependencies = (
			);
			name = TDTD;
			productName = TDTD;
			productReference = B1375B3A25E0009D00503DE6 /* TDTD.app */;
			productType = "com.apple.product-type.application";
		};
/* End PBXNativeTarget section */

/* Begin PBXProject section */
		B1375B3225E0009D00503DE6 /* Project object */ = {
			isa = PBXProject;
			attributes = {
				LastSwiftUpdateCheck = 1240;
				LastUpgradeCheck = 1240;
				TargetAttributes = {
					B1375B3925E0009D00503DE6 = {
						CreatedOnToolsVersion = 12.4;
					};
				};
			};
			buildConfigurationList = B1375B3525E0009D00503DE6 /* Build configuration list for PBXProject "TDTD" */;
			compatibilityVersion = "Xcode 9.3";
			developmentRegion = en;
			hasScannedForEncodings = 0;
			knownRegions = (
				en,
				Base,
			);
			mainGroup = B1375B3125E0009D00503DE6;
			productRefGroup = B1375B3B25E0009D00503DE6 /* Products */;
			projectDirPath = "";
			projectRoot = "";
			targets = (
				B1375B3925E0009D00503DE6 /* TDTD */,
			);
		};
/* End PBXProject section */

/* Begin PBXResourcesBuildPhase section */
		B1375B3825E0009D00503DE6 /* Resources */ = {
			isa = PBXResourcesBuildPhase;
			buildActionMask = 2147483647;
			files = (
				B1375B4A25E0009E00503DE6 /* LaunchScreen.storyboard in Resources */,
				B127E45525EA245900F3B64D /* UhBee ZIGLE Bold.ttf in Resources */,
				0637E41C25E94DA2008049F7 /* Colors.xcassets in Resources */,
				B127E45625EA245900F3B64D /* UhBee ZIGLE.ttf in Resources */,
				B1375B4725E0009E00503DE6 /* Preview Assets.xcassets in Resources */,
				B1375B4425E0009E00503DE6 /* Assets.xcassets in Resources */,
			);
			runOnlyForDeploymentPostprocessing = 0;
		};
/* End PBXResourcesBuildPhase section */

/* Begin PBXShellScriptBuildPhase section */
		1C54B3D47AD83379CFADA628 /* [CP] Embed Pods Frameworks */ = {
			isa = PBXShellScriptBuildPhase;
			buildActionMask = 2147483647;
			files = (
			);
			inputFileListPaths = (
				"${PODS_ROOT}/Target Support Files/Pods-TDTD/Pods-TDTD-frameworks-${CONFIGURATION}-input-files.xcfilelist",
			);
			name = "[CP] Embed Pods Frameworks";
			outputFileListPaths = (
				"${PODS_ROOT}/Target Support Files/Pods-TDTD/Pods-TDTD-frameworks-${CONFIGURATION}-output-files.xcfilelist",
			);
			runOnlyForDeploymentPostprocessing = 0;
			shellPath = /bin/sh;
			shellScript = "\"${PODS_ROOT}/Target Support Files/Pods-TDTD/Pods-TDTD-frameworks.sh\"\n";
			showEnvVarsInLog = 0;
		};
		9FF9CF285CB9FD44420E5D95 /* [CP] Check Pods Manifest.lock */ = {
			isa = PBXShellScriptBuildPhase;
			buildActionMask = 2147483647;
			files = (
			);
			inputFileListPaths = (
			);
			inputPaths = (
				"${PODS_PODFILE_DIR_PATH}/Podfile.lock",
				"${PODS_ROOT}/Manifest.lock",
			);
			name = "[CP] Check Pods Manifest.lock";
			outputFileListPaths = (
			);
			outputPaths = (
				"$(DERIVED_FILE_DIR)/Pods-TDTD-checkManifestLockResult.txt",
			);
			runOnlyForDeploymentPostprocessing = 0;
			shellPath = /bin/sh;
			shellScript = "diff \"${PODS_PODFILE_DIR_PATH}/Podfile.lock\" \"${PODS_ROOT}/Manifest.lock\" > /dev/null\nif [ $? != 0 ] ; then\n    # print error to STDERR\n    echo \"error: The sandbox is not in sync with the Podfile.lock. Run 'pod install' or update your CocoaPods installation.\" >&2\n    exit 1\nfi\n# This output is used by Xcode 'outputs' to avoid re-running this script phase.\necho \"SUCCESS\" > \"${SCRIPT_OUTPUT_FILE_0}\"\n";
			showEnvVarsInLog = 0;
		};
/* End PBXShellScriptBuildPhase section */

/* Begin PBXSourcesBuildPhase section */
		B1375B3625E0009D00503DE6 /* Sources */ = {
			isa = PBXSourcesBuildPhase;
			buildActionMask = 2147483647;
			files = (
				D545119125EA8FC500B19C66 /* TextFieldFormItemViewModel.swift in Sources */,
				06837AF425F605C2004EA12B /* RoundedViewModifier.swift in Sources */,
				D545117C25EA73E800B19C66 /* TextFieldFormItem.swift in Sources */,
				B127E45C25EA2D3300F3B64D /* RoundButtonStyle.swift in Sources */,
				B1D97DED25EAC13D0099C9B8 /* APITargetType.swift in Sources */,
				06837B0A25F783EB004EA12B /* NavigationItemView.swift in Sources */,
				D545115B25EA329500B19C66 /* ToastView.swift in Sources */,
				B1375B3E25E0009D00503DE6 /* AppDelegate.swift in Sources */,
				0637E43125EA3FC6008049F7 /* FocusTextFieldView.swift in Sources */,
				B1D97DE925EABFF50099C9B8 /* API.swift in Sources */,
				D545118A25EA87B700B19C66 /* Room.swift in Sources */,
				06837AF125F5FC11004EA12B /* PlayerView.swift in Sources */,
				D545115B25EA329500B19C66 /* ToastView.swift in Sources */,
				B190492825EAF9B700D23832 /* HomeViewModel.swift in Sources */,
				B1375B3E25E0009D00503DE6 /* AppDelegate.swift in Sources */,
				0637E43125EA3FC6008049F7 /* FocusTextFieldView.swift in Sources */,
				D545117225EA6BD700B19C66 /* SubTitleView.swift in Sources */,
				06837B0325F75D11004EA12B /* RollingpaperViewModel.swift in Sources */,
				D545117725EA6E4900B19C66 /* RoomType.swift in Sources */,
				D545117F25EA78E300B19C66 /* RoomTypeButton.swift in Sources */,
				D545118E25EA8B8A00B19C66 /* CreateRoomViewModel.swift in Sources */,
				57220E8425F6487600CDE9BC /* DebugManager.swift in Sources */,
				0637E3FD25E7FB77008049F7 /* TTSManager.swift in Sources */,
				B1ED9B4225EA401B000A8C4D /* HomeView.swift in Sources */,
				D545118625EA7B5700B19C66 /* FocusView.swift in Sources */,
				D545119525EAC8A800B19C66 /* SelectRoomTypeView.swift in Sources */,
				B1ED9B3E25EA3BA8000A8C4D /* Font+.swift in Sources */,
				B137F53425EAA15800F86D45 /* RoomSummary.swift in Sources */,
				06837AF725F6141B004EA12B /* AlertView.swift in Sources */,
				0637E42925EA3368008049F7 /* RollingpaperWriteView.swift in Sources */,
				0637E43425EA4028008049F7 /* FocusTextView.swift in Sources */,
				068EC1FC25ECD87000484FBB /* RollingpaperWriteModel.swift in Sources */,
				B137F53125EAA10B00F86D45 /* Home.swift in Sources */,
				068EC20225EE145200484FBB /* PlaceholderView.swift in Sources */,
				068EC1FF25ECE5AE00484FBB /* View+.swift in Sources */,
				06837B0625F75D22004EA12B /* RollingpaperModel.swift in Sources */,
				57220E8A25F64B6500CDE9BC /* NetworkLogger.swift in Sources */,
				B1375B4025E0009D00503DE6 /* SceneDelegate.swift in Sources */,
				D545116D25EA6BA900B19C66 /* CreateRoomView.swift in Sources */,
				0637E40525E80CBA008049F7 /* Date+.swift in Sources */,
				B137F52A25EA7F7600F86D45 /* CardSectionTitleView.swift in Sources */,
				0637E40225E809A3008049F7 /* RecordManager.swift in Sources */,
				06FDBFE225F21417003DB1FC /* RollingpaperView.swift in Sources */,
				0637E40A25E811BE008049F7 /* PlayManager.swift in Sources */,
				B1D97DF025EAC9150099C9B8 /* APIRequest.swift in Sources */,
				B1ED9B4625EA40A8000A8C4D /* CardView.swift in Sources */,
				B1ED9B4E25EA6E19000A8C4D /* CreatCardView.swift in Sources */,
				0637E43725EA6205008049F7 /* RollingpaperWriteViewModel.swift in Sources */,
				B1375B4225E0009D00503DE6 /* ContentView.swift in Sources */,
			);
			runOnlyForDeploymentPostprocessing = 0;
		};
/* End PBXSourcesBuildPhase section */

/* Begin PBXVariantGroup section */
		B1375B4825E0009E00503DE6 /* LaunchScreen.storyboard */ = {
			isa = PBXVariantGroup;
			children = (
				B1375B4925E0009E00503DE6 /* Base */,
			);
			name = LaunchScreen.storyboard;
			sourceTree = "<group>";
		};
/* End PBXVariantGroup section */

/* Begin XCBuildConfiguration section */
		B1375B4C25E0009E00503DE6 /* Debug */ = {
			isa = XCBuildConfiguration;
			buildSettings = {
				ALWAYS_SEARCH_USER_PATHS = NO;
				CLANG_ANALYZER_NONNULL = YES;
				CLANG_ANALYZER_NUMBER_OBJECT_CONVERSION = YES_AGGRESSIVE;
				CLANG_CXX_LANGUAGE_STANDARD = "gnu++14";
				CLANG_CXX_LIBRARY = "libc++";
				CLANG_ENABLE_MODULES = YES;
				CLANG_ENABLE_OBJC_ARC = YES;
				CLANG_ENABLE_OBJC_WEAK = YES;
				CLANG_WARN_BLOCK_CAPTURE_AUTORELEASING = YES;
				CLANG_WARN_BOOL_CONVERSION = YES;
				CLANG_WARN_COMMA = YES;
				CLANG_WARN_CONSTANT_CONVERSION = YES;
				CLANG_WARN_DEPRECATED_OBJC_IMPLEMENTATIONS = YES;
				CLANG_WARN_DIRECT_OBJC_ISA_USAGE = YES_ERROR;
				CLANG_WARN_DOCUMENTATION_COMMENTS = YES;
				CLANG_WARN_EMPTY_BODY = YES;
				CLANG_WARN_ENUM_CONVERSION = YES;
				CLANG_WARN_INFINITE_RECURSION = YES;
				CLANG_WARN_INT_CONVERSION = YES;
				CLANG_WARN_NON_LITERAL_NULL_CONVERSION = YES;
				CLANG_WARN_OBJC_IMPLICIT_RETAIN_SELF = YES;
				CLANG_WARN_OBJC_LITERAL_CONVERSION = YES;
				CLANG_WARN_OBJC_ROOT_CLASS = YES_ERROR;
				CLANG_WARN_QUOTED_INCLUDE_IN_FRAMEWORK_HEADER = YES;
				CLANG_WARN_RANGE_LOOP_ANALYSIS = YES;
				CLANG_WARN_STRICT_PROTOTYPES = YES;
				CLANG_WARN_SUSPICIOUS_MOVE = YES;
				CLANG_WARN_UNGUARDED_AVAILABILITY = YES_AGGRESSIVE;
				CLANG_WARN_UNREACHABLE_CODE = YES;
				CLANG_WARN__DUPLICATE_METHOD_MATCH = YES;
				COPY_PHASE_STRIP = NO;
				DEBUG_INFORMATION_FORMAT = dwarf;
				ENABLE_STRICT_OBJC_MSGSEND = YES;
				ENABLE_TESTABILITY = YES;
				GCC_C_LANGUAGE_STANDARD = gnu11;
				GCC_DYNAMIC_NO_PIC = NO;
				GCC_NO_COMMON_BLOCKS = YES;
				GCC_OPTIMIZATION_LEVEL = 0;
				GCC_PREPROCESSOR_DEFINITIONS = (
					"DEBUG=1",
					"$(inherited)",
				);
				GCC_WARN_64_TO_32_BIT_CONVERSION = YES;
				GCC_WARN_ABOUT_RETURN_TYPE = YES_ERROR;
				GCC_WARN_UNDECLARED_SELECTOR = YES;
				GCC_WARN_UNINITIALIZED_AUTOS = YES_AGGRESSIVE;
				GCC_WARN_UNUSED_FUNCTION = YES;
				GCC_WARN_UNUSED_VARIABLE = YES;
				IPHONEOS_DEPLOYMENT_TARGET = 14.1;
				MTL_ENABLE_DEBUG_INFO = INCLUDE_SOURCE;
				MTL_FAST_MATH = YES;
				ONLY_ACTIVE_ARCH = YES;
				SDKROOT = iphoneos;
				SWIFT_ACTIVE_COMPILATION_CONDITIONS = DEBUG;
				SWIFT_OPTIMIZATION_LEVEL = "-Onone";
			};
			name = Debug;
		};
		B1375B4D25E0009E00503DE6 /* Release */ = {
			isa = XCBuildConfiguration;
			buildSettings = {
				ALWAYS_SEARCH_USER_PATHS = NO;
				CLANG_ANALYZER_NONNULL = YES;
				CLANG_ANALYZER_NUMBER_OBJECT_CONVERSION = YES_AGGRESSIVE;
				CLANG_CXX_LANGUAGE_STANDARD = "gnu++14";
				CLANG_CXX_LIBRARY = "libc++";
				CLANG_ENABLE_MODULES = YES;
				CLANG_ENABLE_OBJC_ARC = YES;
				CLANG_ENABLE_OBJC_WEAK = YES;
				CLANG_WARN_BLOCK_CAPTURE_AUTORELEASING = YES;
				CLANG_WARN_BOOL_CONVERSION = YES;
				CLANG_WARN_COMMA = YES;
				CLANG_WARN_CONSTANT_CONVERSION = YES;
				CLANG_WARN_DEPRECATED_OBJC_IMPLEMENTATIONS = YES;
				CLANG_WARN_DIRECT_OBJC_ISA_USAGE = YES_ERROR;
				CLANG_WARN_DOCUMENTATION_COMMENTS = YES;
				CLANG_WARN_EMPTY_BODY = YES;
				CLANG_WARN_ENUM_CONVERSION = YES;
				CLANG_WARN_INFINITE_RECURSION = YES;
				CLANG_WARN_INT_CONVERSION = YES;
				CLANG_WARN_NON_LITERAL_NULL_CONVERSION = YES;
				CLANG_WARN_OBJC_IMPLICIT_RETAIN_SELF = YES;
				CLANG_WARN_OBJC_LITERAL_CONVERSION = YES;
				CLANG_WARN_OBJC_ROOT_CLASS = YES_ERROR;
				CLANG_WARN_QUOTED_INCLUDE_IN_FRAMEWORK_HEADER = YES;
				CLANG_WARN_RANGE_LOOP_ANALYSIS = YES;
				CLANG_WARN_STRICT_PROTOTYPES = YES;
				CLANG_WARN_SUSPICIOUS_MOVE = YES;
				CLANG_WARN_UNGUARDED_AVAILABILITY = YES_AGGRESSIVE;
				CLANG_WARN_UNREACHABLE_CODE = YES;
				CLANG_WARN__DUPLICATE_METHOD_MATCH = YES;
				COPY_PHASE_STRIP = NO;
				DEBUG_INFORMATION_FORMAT = "dwarf-with-dsym";
				ENABLE_NS_ASSERTIONS = NO;
				ENABLE_STRICT_OBJC_MSGSEND = YES;
				GCC_C_LANGUAGE_STANDARD = gnu11;
				GCC_NO_COMMON_BLOCKS = YES;
				GCC_WARN_64_TO_32_BIT_CONVERSION = YES;
				GCC_WARN_ABOUT_RETURN_TYPE = YES_ERROR;
				GCC_WARN_UNDECLARED_SELECTOR = YES;
				GCC_WARN_UNINITIALIZED_AUTOS = YES_AGGRESSIVE;
				GCC_WARN_UNUSED_FUNCTION = YES;
				GCC_WARN_UNUSED_VARIABLE = YES;
				IPHONEOS_DEPLOYMENT_TARGET = 14.1;
				MTL_ENABLE_DEBUG_INFO = NO;
				MTL_FAST_MATH = YES;
				SDKROOT = iphoneos;
				SWIFT_COMPILATION_MODE = wholemodule;
				SWIFT_OPTIMIZATION_LEVEL = "-O";
				VALIDATE_PRODUCT = YES;
			};
			name = Release;
		};
		B1375B4F25E0009E00503DE6 /* Debug */ = {
			isa = XCBuildConfiguration;
			baseConfigurationReference = C7BAEECD92407C39446BA28E /* Pods-TDTD.debug.xcconfig */;
			buildSettings = {
				ASSETCATALOG_COMPILER_APPICON_NAME = AppIcon;
				ASSETCATALOG_COMPILER_GLOBAL_ACCENT_COLOR_NAME = AccentColor;
				CODE_SIGN_IDENTITY = "iPhone Developer";
				CODE_SIGN_STYLE = Manual;
				DEVELOPMENT_ASSET_PATHS = "\"TDTD/Preview Content\"";
				DEVELOPMENT_TEAM = 4Y9G8Z76XC;
				ENABLE_PREVIEWS = YES;
				INFOPLIST_FILE = TDTD/Info.plist;
				IPHONEOS_DEPLOYMENT_TARGET = 14.1;
				LD_RUNPATH_SEARCH_PATHS = (
					"$(inherited)",
					"@executable_path/Frameworks",
				);
				PRODUCT_BUNDLE_IDENTIFIER = com.chan.TDTD;
				PRODUCT_NAME = "$(TARGET_NAME)";
				PROVISIONING_PROFILE_SPECIFIER = TDTDProvisioning;
				SWIFT_VERSION = 5.0;
				TARGETED_DEVICE_FAMILY = "1,2";
			};
			name = Debug;
		};
		B1375B5025E0009E00503DE6 /* Release */ = {
			isa = XCBuildConfiguration;
			baseConfigurationReference = 4075CB972E59A445BE514786 /* Pods-TDTD.release.xcconfig */;
			buildSettings = {
				ASSETCATALOG_COMPILER_APPICON_NAME = AppIcon;
				ASSETCATALOG_COMPILER_GLOBAL_ACCENT_COLOR_NAME = AccentColor;
				CODE_SIGN_STYLE = Manual;
				DEVELOPMENT_ASSET_PATHS = "\"TDTD/Preview Content\"";
				DEVELOPMENT_TEAM = "";
				ENABLE_PREVIEWS = YES;
				INFOPLIST_FILE = TDTD/Info.plist;
				IPHONEOS_DEPLOYMENT_TARGET = 14.1;
				LD_RUNPATH_SEARCH_PATHS = (
					"$(inherited)",
					"@executable_path/Frameworks",
				);
				PRODUCT_BUNDLE_IDENTIFIER = com.chan.TDTD;
				PRODUCT_NAME = "$(TARGET_NAME)";
				PROVISIONING_PROFILE_SPECIFIER = "";
				SWIFT_VERSION = 5.0;
				TARGETED_DEVICE_FAMILY = "1,2";
			};
			name = Release;
		};
/* End XCBuildConfiguration section */

/* Begin XCConfigurationList section */
		B1375B3525E0009D00503DE6 /* Build configuration list for PBXProject "TDTD" */ = {
			isa = XCConfigurationList;
			buildConfigurations = (
				B1375B4C25E0009E00503DE6 /* Debug */,
				B1375B4D25E0009E00503DE6 /* Release */,
			);
			defaultConfigurationIsVisible = 0;
			defaultConfigurationName = Release;
		};
		B1375B4E25E0009E00503DE6 /* Build configuration list for PBXNativeTarget "TDTD" */ = {
			isa = XCConfigurationList;
			buildConfigurations = (
				B1375B4F25E0009E00503DE6 /* Debug */,
				B1375B5025E0009E00503DE6 /* Release */,
			);
			defaultConfigurationIsVisible = 0;
			defaultConfigurationName = Release;
		};
/* End XCConfigurationList section */
	};
	rootObject = B1375B3225E0009D00503DE6 /* Project object */;
}
