// !$*UTF8*$!
{
	archiveVersion = 1;
	classes = {
	};
	objectVersion = 50;
	objects = {

/* Begin PBXBuildFile section */
		0637E3FD25E7FB77008049F7 /* TTSManager.swift in Sources */ = {isa = PBXBuildFile; fileRef = 0637E3FC25E7FB77008049F7 /* TTSManager.swift */; };
		0637E40225E809A3008049F7 /* RecordManager.swift in Sources */ = {isa = PBXBuildFile; fileRef = 0637E40125E809A3008049F7 /* RecordManager.swift */; };
		0637E40525E80CBA008049F7 /* Date+.swift in Sources */ = {isa = PBXBuildFile; fileRef = 0637E40425E80CBA008049F7 /* Date+.swift */; };
		0637E40A25E811BE008049F7 /* PlayManager.swift in Sources */ = {isa = PBXBuildFile; fileRef = 0637E40925E811BE008049F7 /* PlayManager.swift */; };
		0637E41C25E94DA2008049F7 /* Colors.xcassets in Resources */ = {isa = PBXBuildFile; fileRef = 0637E41B25E94DA2008049F7 /* Colors.xcassets */; };
		B1375B3E25E0009D00503DE6 /* AppDelegate.swift in Sources */ = {isa = PBXBuildFile; fileRef = B1375B3D25E0009D00503DE6 /* AppDelegate.swift */; };
		B1375B4025E0009D00503DE6 /* SceneDelegate.swift in Sources */ = {isa = PBXBuildFile; fileRef = B1375B3F25E0009D00503DE6 /* SceneDelegate.swift */; };
		B1375B4225E0009D00503DE6 /* ContentView.swift in Sources */ = {isa = PBXBuildFile; fileRef = B1375B4125E0009D00503DE6 /* ContentView.swift */; };
		B1375B4425E0009E00503DE6 /* Assets.xcassets in Resources */ = {isa = PBXBuildFile; fileRef = B1375B4325E0009E00503DE6 /* Assets.xcassets */; };
		B1375B4725E0009E00503DE6 /* Preview Assets.xcassets in Resources */ = {isa = PBXBuildFile; fileRef = B1375B4625E0009E00503DE6 /* Preview Assets.xcassets */; };
		B1375B4A25E0009E00503DE6 /* LaunchScreen.storyboard in Resources */ = {isa = PBXBuildFile; fileRef = B1375B4825E0009E00503DE6 /* LaunchScreen.storyboard */; };
/* End PBXBuildFile section */

/* Begin PBXFileReference section */
		0637E3FC25E7FB77008049F7 /* TTSManager.swift */ = {isa = PBXFileReference; lastKnownFileType = sourcecode.swift; path = TTSManager.swift; sourceTree = "<group>"; };
		0637E40125E809A3008049F7 /* RecordManager.swift */ = {isa = PBXFileReference; lastKnownFileType = sourcecode.swift; path = RecordManager.swift; sourceTree = "<group>"; };
		0637E40425E80CBA008049F7 /* Date+.swift */ = {isa = PBXFileReference; lastKnownFileType = sourcecode.swift; path = "Date+.swift"; sourceTree = "<group>"; };
		0637E40925E811BE008049F7 /* PlayManager.swift */ = {isa = PBXFileReference; lastKnownFileType = sourcecode.swift; path = PlayManager.swift; sourceTree = "<group>"; };
		0637E41B25E94DA2008049F7 /* Colors.xcassets */ = {isa = PBXFileReference; lastKnownFileType = folder.assetcatalog; path = Colors.xcassets; sourceTree = "<group>"; };
		B1375B3A25E0009D00503DE6 /* TDTD.app */ = {isa = PBXFileReference; explicitFileType = wrapper.application; includeInIndex = 0; path = TDTD.app; sourceTree = BUILT_PRODUCTS_DIR; };
		B1375B3D25E0009D00503DE6 /* AppDelegate.swift */ = {isa = PBXFileReference; lastKnownFileType = sourcecode.swift; path = AppDelegate.swift; sourceTree = "<group>"; };
		B1375B3F25E0009D00503DE6 /* SceneDelegate.swift */ = {isa = PBXFileReference; lastKnownFileType = sourcecode.swift; path = SceneDelegate.swift; sourceTree = "<group>"; };
		B1375B4125E0009D00503DE6 /* ContentView.swift */ = {isa = PBXFileReference; lastKnownFileType = sourcecode.swift; path = ContentView.swift; sourceTree = "<group>"; };
		B1375B4325E0009E00503DE6 /* Assets.xcassets */ = {isa = PBXFileReference; lastKnownFileType = folder.assetcatalog; path = Assets.xcassets; sourceTree = "<group>"; };
		B1375B4625E0009E00503DE6 /* Preview Assets.xcassets */ = {isa = PBXFileReference; lastKnownFileType = folder.assetcatalog; path = "Preview Assets.xcassets"; sourceTree = "<group>"; };
		B1375B4925E0009E00503DE6 /* Base */ = {isa = PBXFileReference; lastKnownFileType = file.storyboard; name = Base; path = Base.lproj/LaunchScreen.storyboard; sourceTree = "<group>"; };
		B1375B4B25E0009E00503DE6 /* Info.plist */ = {isa = PBXFileReference; lastKnownFileType = text.plist.xml; path = Info.plist; sourceTree = "<group>"; };
/* End PBXFileReference section */

/* Begin PBXFrameworksBuildPhase section */
		B1375B3725E0009D00503DE6 /* Frameworks */ = {
			isa = PBXFrameworksBuildPhase;
			buildActionMask = 2147483647;
			files = (
			);
			runOnlyForDeploymentPostprocessing = 0;
		};
/* End PBXFrameworksBuildPhase section */

/* Begin PBXGroup section */
		0637E40725E80CBC008049F7 /* GlobalExtension */ = {
			isa = PBXGroup;
			children = (
				0637E40425E80CBA008049F7 /* Date+.swift */,
			);
			path = GlobalExtension;
			sourceTree = "<group>";
		};
		0637E40C25E81859008049F7 /* Helper */ = {
			isa = PBXGroup;
			children = (
				0637E3FC25E7FB77008049F7 /* TTSManager.swift */,
				0637E40125E809A3008049F7 /* RecordManager.swift */,
				0637E40925E811BE008049F7 /* PlayManager.swift */,
			);
			path = Helper;
			sourceTree = "<group>";
		};
		B1375B3125E0009D00503DE6 = {
			isa = PBXGroup;
			children = (
				B1375B3C25E0009D00503DE6 /* TDTD */,
				B1375B3B25E0009D00503DE6 /* Products */,
			);
			sourceTree = "<group>";
		};
		B1375B3B25E0009D00503DE6 /* Products */ = {
			isa = PBXGroup;
			children = (
				B1375B3A25E0009D00503DE6 /* TDTD.app */,
			);
			name = Products;
			sourceTree = "<group>";
		};
		B1375B3C25E0009D00503DE6 /* TDTD */ = {
			isa = PBXGroup;
			children = (
				B1375B3D25E0009D00503DE6 /* AppDelegate.swift */,
				B1375B3F25E0009D00503DE6 /* SceneDelegate.swift */,
				B1375B4125E0009D00503DE6 /* ContentView.swift */,
				0637E40C25E81859008049F7 /* Helper */,
				0637E40725E80CBC008049F7 /* GlobalExtension */,
				0637E41B25E94DA2008049F7 /* Colors.xcassets */,
				B1375B4325E0009E00503DE6 /* Assets.xcassets */,
				B1375B4825E0009E00503DE6 /* LaunchScreen.storyboard */,
				B1375B4B25E0009E00503DE6 /* Info.plist */,
				B1375B4525E0009E00503DE6 /* Preview Content */,
			);
			path = TDTD;
			sourceTree = "<group>";
		};
		B1375B4525E0009E00503DE6 /* Preview Content */ = {
			isa = PBXGroup;
			children = (
				B1375B4625E0009E00503DE6 /* Preview Assets.xcassets */,
			);
			path = "Preview Content";
			sourceTree = "<group>";
		};
/* End PBXGroup section */

/* Begin PBXNativeTarget section */
		B1375B3925E0009D00503DE6 /* TDTD */ = {
			isa = PBXNativeTarget;
			buildConfigurationList = B1375B4E25E0009E00503DE6 /* Build configuration list for PBXNativeTarget "TDTD" */;
			buildPhases = (
				B1375B3625E0009D00503DE6 /* Sources */,
				B1375B3725E0009D00503DE6 /* Frameworks */,
				B1375B3825E0009D00503DE6 /* Resources */,
			);
			buildRules = (
			);
			dependencies = (
			);
			name = TDTD;
			productName = TDTD;
			productReference = B1375B3A25E0009D00503DE6 /* TDTD.app */;
			productType = "com.apple.product-type.application";
		};
/* End PBXNativeTarget section */

/* Begin PBXProject section */
		B1375B3225E0009D00503DE6 /* Project object */ = {
			isa = PBXProject;
			attributes = {
				LastSwiftUpdateCheck = 1240;
				LastUpgradeCheck = 1240;
				TargetAttributes = {
					B1375B3925E0009D00503DE6 = {
						CreatedOnToolsVersion = 12.4;
					};
				};
			};
			buildConfigurationList = B1375B3525E0009D00503DE6 /* Build configuration list for PBXProject "TDTD" */;
			compatibilityVersion = "Xcode 9.3";
			developmentRegion = en;
			hasScannedForEncodings = 0;
			knownRegions = (
				en,
				Base,
			);
			mainGroup = B1375B3125E0009D00503DE6;
			productRefGroup = B1375B3B25E0009D00503DE6 /* Products */;
			projectDirPath = "";
			projectRoot = "";
			targets = (
				B1375B3925E0009D00503DE6 /* TDTD */,
			);
		};
/* End PBXProject section */

/* Begin PBXResourcesBuildPhase section */
		B1375B3825E0009D00503DE6 /* Resources */ = {
			isa = PBXResourcesBuildPhase;
			buildActionMask = 2147483647;
			files = (
				B1375B4A25E0009E00503DE6 /* LaunchScreen.storyboard in Resources */,
				0637E41C25E94DA2008049F7 /* Colors.xcassets in Resources */,
				B1375B4725E0009E00503DE6 /* Preview Assets.xcassets in Resources */,
				B1375B4425E0009E00503DE6 /* Assets.xcassets in Resources */,
			);
			runOnlyForDeploymentPostprocessing = 0;
		};
/* End PBXResourcesBuildPhase section */

/* Begin PBXSourcesBuildPhase section */
		B1375B3625E0009D00503DE6 /* Sources */ = {
			isa = PBXSourcesBuildPhase;
			buildActionMask = 2147483647;
			files = (
				B1375B3E25E0009D00503DE6 /* AppDelegate.swift in Sources */,
				0637E3FD25E7FB77008049F7 /* TTSManager.swift in Sources */,
				B1375B4025E0009D00503DE6 /* SceneDelegate.swift in Sources */,
				0637E40525E80CBA008049F7 /* Date+.swift in Sources */,
				0637E40225E809A3008049F7 /* RecordManager.swift in Sources */,
				0637E40A25E811BE008049F7 /* PlayManager.swift in Sources */,
				B1375B4225E0009D00503DE6 /* ContentView.swift in Sources */,
			);
			runOnlyForDeploymentPostprocessing = 0;
		};
/* End PBXSourcesBuildPhase section */

/* Begin PBXVariantGroup section */
		B1375B4825E0009E00503DE6 /* LaunchScreen.storyboard */ = {
			isa = PBXVariantGroup;
			children = (
				B1375B4925E0009E00503DE6 /* Base */,
			);
			name = LaunchScreen.storyboard;
			sourceTree = "<group>";
		};
/* End PBXVariantGroup section */

/* Begin XCBuildConfiguration section */
		B1375B4C25E0009E00503DE6 /* Debug */ = {
			isa = XCBuildConfiguration;
			buildSettings = {
				ALWAYS_SEARCH_USER_PATHS = NO;
				CLANG_ANALYZER_NONNULL = YES;
				CLANG_ANALYZER_NUMBER_OBJECT_CONVERSION = YES_AGGRESSIVE;
				CLANG_CXX_LANGUAGE_STANDARD = "gnu++14";
				CLANG_CXX_LIBRARY = "libc++";
				CLANG_ENABLE_MODULES = YES;
				CLANG_ENABLE_OBJC_ARC = YES;
				CLANG_ENABLE_OBJC_WEAK = YES;
				CLANG_WARN_BLOCK_CAPTURE_AUTORELEASING = YES;
				CLANG_WARN_BOOL_CONVERSION = YES;
				CLANG_WARN_COMMA = YES;
				CLANG_WARN_CONSTANT_CONVERSION = YES;
				CLANG_WARN_DEPRECATED_OBJC_IMPLEMENTATIONS = YES;
				CLANG_WARN_DIRECT_OBJC_ISA_USAGE = YES_ERROR;
				CLANG_WARN_DOCUMENTATION_COMMENTS = YES;
				CLANG_WARN_EMPTY_BODY = YES;
				CLANG_WARN_ENUM_CONVERSION = YES;
				CLANG_WARN_INFINITE_RECURSION = YES;
				CLANG_WARN_INT_CONVERSION = YES;
				CLANG_WARN_NON_LITERAL_NULL_CONVERSION = YES;
				CLANG_WARN_OBJC_IMPLICIT_RETAIN_SELF = YES;
				CLANG_WARN_OBJC_LITERAL_CONVERSION = YES;
				CLANG_WARN_OBJC_ROOT_CLASS = YES_ERROR;
				CLANG_WARN_QUOTED_INCLUDE_IN_FRAMEWORK_HEADER = YES;
				CLANG_WARN_RANGE_LOOP_ANALYSIS = YES;
				CLANG_WARN_STRICT_PROTOTYPES = YES;
				CLANG_WARN_SUSPICIOUS_MOVE = YES;
				CLANG_WARN_UNGUARDED_AVAILABILITY = YES_AGGRESSIVE;
				CLANG_WARN_UNREACHABLE_CODE = YES;
				CLANG_WARN__DUPLICATE_METHOD_MATCH = YES;
				COPY_PHASE_STRIP = NO;
				DEBUG_INFORMATION_FORMAT = dwarf;
				ENABLE_STRICT_OBJC_MSGSEND = YES;
				ENABLE_TESTABILITY = YES;
				GCC_C_LANGUAGE_STANDARD = gnu11;
				GCC_DYNAMIC_NO_PIC = NO;
				GCC_NO_COMMON_BLOCKS = YES;
				GCC_OPTIMIZATION_LEVEL = 0;
				GCC_PREPROCESSOR_DEFINITIONS = (
					"DEBUG=1",
					"$(inherited)",
				);
				GCC_WARN_64_TO_32_BIT_CONVERSION = YES;
				GCC_WARN_ABOUT_RETURN_TYPE = YES_ERROR;
				GCC_WARN_UNDECLARED_SELECTOR = YES;
				GCC_WARN_UNINITIALIZED_AUTOS = YES_AGGRESSIVE;
				GCC_WARN_UNUSED_FUNCTION = YES;
				GCC_WARN_UNUSED_VARIABLE = YES;
				IPHONEOS_DEPLOYMENT_TARGET = 14.4;
				MTL_ENABLE_DEBUG_INFO = INCLUDE_SOURCE;
				MTL_FAST_MATH = YES;
				ONLY_ACTIVE_ARCH = YES;
				SDKROOT = iphoneos;
				SWIFT_ACTIVE_COMPILATION_CONDITIONS = DEBUG;
				SWIFT_OPTIMIZATION_LEVEL = "-Onone";
			};
			name = Debug;
		};
		B1375B4D25E0009E00503DE6 /* Release */ = {
			isa = XCBuildConfiguration;
			buildSettings = {
				ALWAYS_SEARCH_USER_PATHS = NO;
				CLANG_ANALYZER_NONNULL = YES;
				CLANG_ANALYZER_NUMBER_OBJECT_CONVERSION = YES_AGGRESSIVE;
				CLANG_CXX_LANGUAGE_STANDARD = "gnu++14";
				CLANG_CXX_LIBRARY = "libc++";
				CLANG_ENABLE_MODULES = YES;
				CLANG_ENABLE_OBJC_ARC = YES;
				CLANG_ENABLE_OBJC_WEAK = YES;
				CLANG_WARN_BLOCK_CAPTURE_AUTORELEASING = YES;
				CLANG_WARN_BOOL_CONVERSION = YES;
				CLANG_WARN_COMMA = YES;
				CLANG_WARN_CONSTANT_CONVERSION = YES;
				CLANG_WARN_DEPRECATED_OBJC_IMPLEMENTATIONS = YES;
				CLANG_WARN_DIRECT_OBJC_ISA_USAGE = YES_ERROR;
				CLANG_WARN_DOCUMENTATION_COMMENTS = YES;
				CLANG_WARN_EMPTY_BODY = YES;
				CLANG_WARN_ENUM_CONVERSION = YES;
				CLANG_WARN_INFINITE_RECURSION = YES;
				CLANG_WARN_INT_CONVERSION = YES;
				CLANG_WARN_NON_LITERAL_NULL_CONVERSION = YES;
				CLANG_WARN_OBJC_IMPLICIT_RETAIN_SELF = YES;
				CLANG_WARN_OBJC_LITERAL_CONVERSION = YES;
				CLANG_WARN_OBJC_ROOT_CLASS = YES_ERROR;
				CLANG_WARN_QUOTED_INCLUDE_IN_FRAMEWORK_HEADER = YES;
				CLANG_WARN_RANGE_LOOP_ANALYSIS = YES;
				CLANG_WARN_STRICT_PROTOTYPES = YES;
				CLANG_WARN_SUSPICIOUS_MOVE = YES;
				CLANG_WARN_UNGUARDED_AVAILABILITY = YES_AGGRESSIVE;
				CLANG_WARN_UNREACHABLE_CODE = YES;
				CLANG_WARN__DUPLICATE_METHOD_MATCH = YES;
				COPY_PHASE_STRIP = NO;
				DEBUG_INFORMATION_FORMAT = "dwarf-with-dsym";
				ENABLE_NS_ASSERTIONS = NO;
				ENABLE_STRICT_OBJC_MSGSEND = YES;
				GCC_C_LANGUAGE_STANDARD = gnu11;
				GCC_NO_COMMON_BLOCKS = YES;
				GCC_WARN_64_TO_32_BIT_CONVERSION = YES;
				GCC_WARN_ABOUT_RETURN_TYPE = YES_ERROR;
				GCC_WARN_UNDECLARED_SELECTOR = YES;
				GCC_WARN_UNINITIALIZED_AUTOS = YES_AGGRESSIVE;
				GCC_WARN_UNUSED_FUNCTION = YES;
				GCC_WARN_UNUSED_VARIABLE = YES;
				IPHONEOS_DEPLOYMENT_TARGET = 14.4;
				MTL_ENABLE_DEBUG_INFO = NO;
				MTL_FAST_MATH = YES;
				SDKROOT = iphoneos;
				SWIFT_COMPILATION_MODE = wholemodule;
				SWIFT_OPTIMIZATION_LEVEL = "-O";
				VALIDATE_PRODUCT = YES;
			};
			name = Release;
		};
		B1375B4F25E0009E00503DE6 /* Debug */ = {
			isa = XCBuildConfiguration;
			buildSettings = {
				ASSETCATALOG_COMPILER_APPICON_NAME = AppIcon;
				ASSETCATALOG_COMPILER_GLOBAL_ACCENT_COLOR_NAME = AccentColor;
				CODE_SIGN_STYLE = Automatic;
				DEVELOPMENT_ASSET_PATHS = "\"TDTD/Preview Content\"";
				ENABLE_PREVIEWS = YES;
				INFOPLIST_FILE = TDTD/Info.plist;
				LD_RUNPATH_SEARCH_PATHS = (
					"$(inherited)",
					"@executable_path/Frameworks",
				);
				PRODUCT_BUNDLE_IDENTIFIER = com.chan.TDTD;
				PRODUCT_NAME = "$(TARGET_NAME)";
				SWIFT_VERSION = 5.0;
				TARGETED_DEVICE_FAMILY = "1,2";
			};
			name = Debug;
		};
		B1375B5025E0009E00503DE6 /* Release */ = {
			isa = XCBuildConfiguration;
			buildSettings = {
				ASSETCATALOG_COMPILER_APPICON_NAME = AppIcon;
				ASSETCATALOG_COMPILER_GLOBAL_ACCENT_COLOR_NAME = AccentColor;
				CODE_SIGN_STYLE = Automatic;
				DEVELOPMENT_ASSET_PATHS = "\"TDTD/Preview Content\"";
				ENABLE_PREVIEWS = YES;
				INFOPLIST_FILE = TDTD/Info.plist;
				LD_RUNPATH_SEARCH_PATHS = (
					"$(inherited)",
					"@executable_path/Frameworks",
				);
				PRODUCT_BUNDLE_IDENTIFIER = com.chan.TDTD;
				PRODUCT_NAME = "$(TARGET_NAME)";
				SWIFT_VERSION = 5.0;
				TARGETED_DEVICE_FAMILY = "1,2";
			};
			name = Release;
		};
/* End XCBuildConfiguration section */

/* Begin XCConfigurationList section */
		B1375B3525E0009D00503DE6 /* Build configuration list for PBXProject "TDTD" */ = {
			isa = XCConfigurationList;
			buildConfigurations = (
				B1375B4C25E0009E00503DE6 /* Debug */,
				B1375B4D25E0009E00503DE6 /* Release */,
			);
			defaultConfigurationIsVisible = 0;
			defaultConfigurationName = Release;
		};
		B1375B4E25E0009E00503DE6 /* Build configuration list for PBXNativeTarget "TDTD" */ = {
			isa = XCConfigurationList;
			buildConfigurations = (
				B1375B4F25E0009E00503DE6 /* Debug */,
				B1375B5025E0009E00503DE6 /* Release */,
			);
			defaultConfigurationIsVisible = 0;
			defaultConfigurationName = Release;
		};
/* End XCConfigurationList section */
	};
	rootObject = B1375B3225E0009D00503DE6 /* Project object */;
}
